
Microsoft Visual Studio Solution File, Format Version 12.00
# Visual Studio 15
VisualStudioVersion = 15.0.28307.779
MinimumVisualStudioVersion = 10.0.40219.1
Project("{FAE04EC0-301F-11D3-BF4B-00C04F79EFBC}") = "WapiOgranci", "WapiOgranci\WapiOgranci.csproj", "{0A1C1FAC-4BD4-48DA-B48B-8CC00178B96C}"
EndProject
Global
	GlobalSection(SolutionConfigurationPlatforms) = preSolution
		Debug|Any CPU = Debug|Any CPU
		Release|Any CPU = Release|Any CPU
	EndGlobalSection
	GlobalSection(ProjectConfigurationPlatforms) = postSolution
		{0A1C1FAC-4BD4-48DA-B48B-8CC00178B96C}.Debug|Any CPU.ActiveCfg = Debug|Any CPU
		{0A1C1FAC-4BD4-48DA-B48B-8CC00178B96C}.Debug|Any CPU.Build.0 = Debug|Any CPU
		{0A1C1FAC-4BD4-48DA-B48B-8CC00178B96C}.Release|Any CPU.ActiveCfg = Release|Any CPU
		{0A1C1FAC-4BD4-48DA-B48B-8CC00178B96C}.Release|Any CPU.Build.0 = Release|Any CPU
	EndGlobalSection
	GlobalSection(SolutionProperties) = preSolution
		HideSolutionNode = FALSE
	EndGlobalSection
	GlobalSection(ExtensibilityGlobals) = postSolution
		SolutionGuid = {19A9795D-8CE9-4C6B-B30B-1EB34997AB78}
	EndGlobalSection
EndGlobal
